// !$*UTF8*$!
{
	archiveVersion = 1;
	classes = {
	};
	objectVersion = 46;
	objects = {

/* Begin PBXBuildFile section */
		4F142D4520D07D6A00DAA5D2 /* AppDelegate.swift in Sources */ = {isa = PBXBuildFile; fileRef = 4F142D4420D07D6A00DAA5D2 /* AppDelegate.swift */; };
		4F142D4720D07D6A00DAA5D2 /* ViewController.swift in Sources */ = {isa = PBXBuildFile; fileRef = 4F142D4620D07D6A00DAA5D2 /* ViewController.swift */; };
		4F142D4A20D07D6A00DAA5D2 /* Main.storyboard in Resources */ = {isa = PBXBuildFile; fileRef = 4F142D4820D07D6A00DAA5D2 /* Main.storyboard */; };
		4F142D4D20D07D6A00DAA5D2 /* NoteApp.xcdatamodeld in Sources */ = {isa = PBXBuildFile; fileRef = 4F142D4B20D07D6A00DAA5D2 /* NoteApp.xcdatamodeld */; };
		4F142D4F20D07D6A00DAA5D2 /* Assets.xcassets in Resources */ = {isa = PBXBuildFile; fileRef = 4F142D4E20D07D6A00DAA5D2 /* Assets.xcassets */; };
		4F142D5220D07D6A00DAA5D2 /* LaunchScreen.storyboard in Resources */ = {isa = PBXBuildFile; fileRef = 4F142D5020D07D6A00DAA5D2 /* LaunchScreen.storyboard */; };
		4F7761E820D278FA00E8EE78 /* TableViewController.swift in Sources */ = {isa = PBXBuildFile; fileRef = 4F7761E720D278FA00E8EE78 /* TableViewController.swift */; };
/* End PBXBuildFile section */

/* Begin PBXFileReference section */
		4F142D4120D07D6A00DAA5D2 /* NoteApp.app */ = {isa = PBXFileReference; explicitFileType = wrapper.application; includeInIndex = 0; path = NoteApp.app; sourceTree = BUILT_PRODUCTS_DIR; };
		4F142D4420D07D6A00DAA5D2 /* AppDelegate.swift */ = {isa = PBXFileReference; lastKnownFileType = sourcecode.swift; path = AppDelegate.swift; sourceTree = "<group>"; };
		4F142D4620D07D6A00DAA5D2 /* ViewController.swift */ = {isa = PBXFileReference; lastKnownFileType = sourcecode.swift; path = ViewController.swift; sourceTree = "<group>"; };
		4F142D4920D07D6A00DAA5D2 /* Base */ = {isa = PBXFileReference; lastKnownFileType = file.storyboard; name = Base; path = Base.lproj/Main.storyboard; sourceTree = "<group>"; };
		4F142D4C20D07D6A00DAA5D2 /* NoteApp.xcdatamodel */ = {isa = PBXFileReference; lastKnownFileType = wrapper.xcdatamodel; path = NoteApp.xcdatamodel; sourceTree = "<group>"; };
		4F142D4E20D07D6A00DAA5D2 /* Assets.xcassets */ = {isa = PBXFileReference; lastKnownFileType = folder.assetcatalog; path = Assets.xcassets; sourceTree = "<group>"; };
		4F142D5120D07D6A00DAA5D2 /* Base */ = {isa = PBXFileReference; lastKnownFileType = file.storyboard; name = Base; path = Base.lproj/LaunchScreen.storyboard; sourceTree = "<group>"; };
		4F142D5320D07D6A00DAA5D2 /* Info.plist */ = {isa = PBXFileReference; lastKnownFileType = text.plist.xml; path = Info.plist; sourceTree = "<group>"; };
		4F7761E720D278FA00E8EE78 /* TableViewController.swift */ = {isa = PBXFileReference; lastKnownFileType = sourcecode.swift; path = TableViewController.swift; sourceTree = "<group>"; };
/* End PBXFileReference section */

/* Begin PBXFrameworksBuildPhase section */
		4F142D3E20D07D6A00DAA5D2 /* Frameworks */ = {
			isa = PBXFrameworksBuildPhase;
			buildActionMask = 2147483647;
			files = (
			);
			runOnlyForDeploymentPostprocessing = 0;
		};
/* End PBXFrameworksBuildPhase section */

/* Begin PBXGroup section */
		4F142D3820D07D6A00DAA5D2 = {
			isa = PBXGroup;
			children = (
				4F142D4320D07D6A00DAA5D2 /* NoteApp */,
				4F142D4220D07D6A00DAA5D2 /* Products */,
			);
			sourceTree = "<group>";
		};
		4F142D4220D07D6A00DAA5D2 /* Products */ = {
			isa = PBXGroup;
			children = (
				4F142D4120D07D6A00DAA5D2 /* NoteApp.app */,
			);
			name = Products;
			sourceTree = "<group>";
		};
		4F142D4320D07D6A00DAA5D2 /* NoteApp */ = {
			isa = PBXGroup;
			children = (
				4F142D4420D07D6A00DAA5D2 /* AppDelegate.swift */,
				4F142D4620D07D6A00DAA5D2 /* ViewController.swift */,
				4F142D4820D07D6A00DAA5D2 /* Main.storyboard */,
				4F7761E720D278FA00E8EE78 /* TableViewController.swift */,
				4F142D4E20D07D6A00DAA5D2 /* Assets.xcassets */,
				4F142D5020D07D6A00DAA5D2 /* LaunchScreen.storyboard */,
				4F142D5320D07D6A00DAA5D2 /* Info.plist */,
				4F142D4B20D07D6A00DAA5D2 /* NoteApp.xcdatamodeld */,
			);
			path = NoteApp;
			sourceTree = "<group>";
		};
/* End PBXGroup section */

/* Begin PBXNativeTarget section */
		4F142D4020D07D6A00DAA5D2 /* NoteApp */ = {
			isa = PBXNativeTarget;
			buildConfigurationList = 4F142D5620D07D6A00DAA5D2 /* Build configuration list for PBXNativeTarget "NoteApp" */;
			buildPhases = (
				4F142D3D20D07D6A00DAA5D2 /* Sources */,
				4F142D3E20D07D6A00DAA5D2 /* Frameworks */,
				4F142D3F20D07D6A00DAA5D2 /* Resources */,
			);
			buildRules = (
			);
			dependencies = (
			);
			name = NoteApp;
			productName = NoteApp;
			productReference = 4F142D4120D07D6A00DAA5D2 /* NoteApp.app */;
			productType = "com.apple.product-type.application";
		};
/* End PBXNativeTarget section */

/* Begin PBXProject section */
		4F142D3920D07D6A00DAA5D2 /* Project object */ = {
			isa = PBXProject;
			attributes = {
				LastSwiftUpdateCheck = 0820;
				LastUpgradeCheck = 0940;
				ORGANIZATIONNAME = "Edgar Ruiz";
				TargetAttributes = {
					4F142D4020D07D6A00DAA5D2 = {
						CreatedOnToolsVersion = 8.2.1;
						LastSwiftMigration = 0940;
						ProvisioningStyle = Automatic;
					};
				};
			};
			buildConfigurationList = 4F142D3C20D07D6A00DAA5D2 /* Build configuration list for PBXProject "NoteApp" */;
			compatibilityVersion = "Xcode 3.2";
			developmentRegion = English;
			hasScannedForEncodings = 0;
			knownRegions = (
				en,
				Base,
			);
			mainGroup = 4F142D3820D07D6A00DAA5D2;
			productRefGroup = 4F142D4220D07D6A00DAA5D2 /* Products */;
			projectDirPath = "";
			projectRoot = "";
			targets = (
				4F142D4020D07D6A00DAA5D2 /* NoteApp */,
			);
		};
/* End PBXProject section */

/* Begin PBXResourcesBuildPhase section */
		4F142D3F20D07D6A00DAA5D2 /* Resources */ = {
			isa = PBXResourcesBuildPhase;
			buildActionMask = 2147483647;
			files = (
				4F142D5220D07D6A00DAA5D2 /* LaunchScreen.storyboard in Resources */,
				4F142D4F20D07D6A00DAA5D2 /* Assets.xcassets in Resources */,
				4F142D4A20D07D6A00DAA5D2 /* Main.storyboard in Resources */,
			);
			runOnlyForDeploymentPostprocessing = 0;
		};
/* End PBXResourcesBuildPhase section */

/* Begin PBXSourcesBuildPhase section */
		4F142D3D20D07D6A00DAA5D2 /* Sources */ = {
			isa = PBXSourcesBuildPhase;
			buildActionMask = 2147483647;
			files = (
				4F142D4D20D07D6A00DAA5D2 /* NoteApp.xcdatamodeld in Sources */,
				4F142D4720D07D6A00DAA5D2 /* ViewController.swift in Sources */,
				4F142D4520D07D6A00DAA5D2 /* AppDelegate.swift in Sources */,
				4F7761E820D278FA00E8EE78 /* TableViewController.swift in Sources */,
			);
			runOnlyForDeploymentPostprocessing = 0;
		};
/* End PBXSourcesBuildPhase section */

/* Begin PBXVariantGroup section */
		4F142D4820D07D6A00DAA5D2 /* Main.storyboard */ = {
			isa = PBXVariantGroup;
			children = (
				4F142D4920D07D6A00DAA5D2 /* Base */,
			);
			name = Main.storyboard;
			sourceTree = "<group>";
		};
		4F142D5020D07D6A00DAA5D2 /* LaunchScreen.storyboard */ = {
			isa = PBXVariantGroup;
			children = (
				4F142D5120D07D6A00DAA5D2 /* Base */,
			);
			name = LaunchScreen.storyboard;
			sourceTree = "<group>";
		};
/* End PBXVariantGroup section */

/* Begin XCBuildConfiguration section */
		4F142D5420D07D6A00DAA5D2 /* Debug */ = {
			isa = XCBuildConfiguration;
			buildSettings = {
				ALWAYS_SEARCH_USER_PATHS = NO;
				CLANG_ANALYZER_NONNULL = YES;
				CLANG_CXX_LANGUAGE_STANDARD = "gnu++0x";
				CLANG_CXX_LIBRARY = "libc++";
				CLANG_ENABLE_MODULES = YES;
				CLANG_ENABLE_OBJC_ARC = YES;
				CLANG_WARN_BLOCK_CAPTURE_AUTORELEASING = YES;
				CLANG_WARN_BOOL_CONVERSION = YES;
				CLANG_WARN_COMMA = YES;
				CLANG_WARN_CONSTANT_CONVERSION = YES;
				CLANG_WARN_DEPRECATED_OBJC_IMPLEMENTATIONS = YES;
				CLANG_WARN_DIRECT_OBJC_ISA_USAGE = YES_ERROR;
				CLANG_WARN_DOCUMENTATION_COMMENTS = YES;
				CLANG_WARN_EMPTY_BODY = YES;
				CLANG_WARN_ENUM_CONVERSION = YES;
				CLANG_WARN_INFINITE_RECURSION = YES;
				CLANG_WARN_INT_CONVERSION = YES;
				CLANG_WARN_NON_LITERAL_NULL_CONVERSION = YES;
				CLANG_WARN_OBJC_IMPLICIT_RETAIN_SELF = YES;
				CLANG_WARN_OBJC_LITERAL_CONVERSION = YES;
				CLANG_WARN_OBJC_ROOT_CLASS = YES_ERROR;
				CLANG_WARN_RANGE_LOOP_ANALYSIS = YES;
				CLANG_WARN_STRICT_PROTOTYPES = YES;
				CLANG_WARN_SUSPICIOUS_MOVE = YES;
				CLANG_WARN_UNREACHABLE_CODE = YES;
				CLANG_WARN__DUPLICATE_METHOD_MATCH = YES;
				"CODE_SIGN_IDENTITY[sdk=iphoneos*]" = "iPhone Developer";
				COPY_PHASE_STRIP = NO;
				DEBUG_INFORMATION_FORMAT = dwarf;
				ENABLE_STRICT_OBJC_MSGSEND = YES;
				ENABLE_TESTABILITY = YES;
				GCC_C_LANGUAGE_STANDARD = gnu99;
				GCC_DYNAMIC_NO_PIC = NO;
				GCC_NO_COMMON_BLOCKS = YES;
				GCC_OPTIMIZATION_LEVEL = 0;
				GCC_PREPROCESSOR_DEFINITIONS = (
					"DEBUG=1",
					"$(inherited)",
				);
				GCC_WARN_64_TO_32_BIT_CONVERSION = YES;
				GCC_WARN_ABOUT_RETURN_TYPE = YES_ERROR;
				GCC_WARN_UNDECLARED_SELECTOR = YES;
				GCC_WARN_UNINITIALIZED_AUTOS = YES_AGGRESSIVE;
				GCC_WARN_UNUSED_FUNCTION = YES;
				GCC_WARN_UNUSED_VARIABLE = YES;
				IPHONEOS_DEPLOYMENT_TARGET = 10.2;
				MTL_ENABLE_DEBUG_INFO = YES;
				ONLY_ACTIVE_ARCH = YES;
				SDKROOT = iphoneos;
				SWIFT_ACTIVE_COMPILATION_CONDITIONS = DEBUG;
				SWIFT_OPTIMIZATION_LEVEL = "-Onone";
				TARGETED_DEVICE_FAMILY = "1,2";
			};
			name = Debug;
		};
		4F142D5520D07D6A00DAA5D2 /* Release */ = {
			isa = XCBuildConfiguration;
			buildSettings = {
				ALWAYS_SEARCH_USER_PATHS = NO;
				CLANG_ANALYZER_NONNULL = YES;
				CLANG_CXX_LANGUAGE_STANDARD = "gnu++0x";
				CLANG_CXX_LIBRARY = "libc++";
				CLANG_ENABLE_MODULES = YES;
				CLANG_ENABLE_OBJC_ARC = YES;
				CLANG_WARN_BLOCK_CAPTURE_AUTORELEASING = YES;
				CLANG_WARN_BOOL_CONVERSION = YES;
				CLANG_WARN_COMMA = YES;
				CLANG_WARN_CONSTANT_CONVERSION = YES;
				CLANG_WARN_DEPRECATED_OBJC_IMPLEMENTATIONS = YES;
				CLANG_WARN_DIRECT_OBJC_ISA_USAGE = YES_ERROR;
				CLANG_WARN_DOCUMENTATION_COMMENTS = YES;
				CLANG_WARN_EMPTY_BODY = YES;
				CLANG_WARN_ENUM_CONVERSION = YES;
				CLANG_WARN_INFINITE_RECURSION = YES;
				CLANG_WARN_INT_CONVERSION = YES;
				CLANG_WARN_NON_LITERAL_NULL_CONVERSION = YES;
				CLANG_WARN_OBJC_IMPLICIT_RETAIN_SELF = YES;
				CLANG_WARN_OBJC_LITERAL_CONVERSION = YES;
				CLANG_WARN_OBJC_ROOT_CLASS = YES_ERROR;
				CLANG_WARN_RANGE_LOOP_ANALYSIS = YES;
				CLANG_WARN_STRICT_PROTOTYPES = YES;
				CLANG_WARN_SUSPICIOUS_MOVE = YES;
				CLANG_WARN_UNREACHABLE_CODE = YES;
				CLANG_WARN__DUPLICATE_METHOD_MATCH = YES;
				"CODE_SIGN_IDENTITY[sdk=iphoneos*]" = "iPhone Developer";
				COPY_PHASE_STRIP = NO;
				DEBUG_INFORMATION_FORMAT = "dwarf-with-dsym";
				ENABLE_NS_ASSERTIONS = NO;
				ENABLE_STRICT_OBJC_MSGSEND = YES;
				GCC_C_LANGUAGE_STANDARD = gnu99;
				GCC_NO_COMMON_BLOCKS = YES;
				GCC_WARN_64_TO_32_BIT_CONVERSION = YES;
				GCC_WARN_ABOUT_RETURN_TYPE = YES_ERROR;
				GCC_WARN_UNDECLARED_SELECTOR = YES;
				GCC_WARN_UNINITIALIZED_AUTOS = YES_AGGRESSIVE;
				GCC_WARN_UNUSED_FUNCTION = YES;
				GCC_WARN_UNUSED_VARIABLE = YES;
				IPHONEOS_DEPLOYMENT_TARGET = 10.2;
				MTL_ENABLE_DEBUG_INFO = NO;
				SDKROOT = iphoneos;
				SWIFT_OPTIMIZATION_LEVEL = "-Owholemodule";
				TARGETED_DEVICE_FAMILY = "1,2";
				VALIDATE_PRODUCT = YES;
			};
			name = Release;
		};
		4F142D5720D07D6A00DAA5D2 /* Debug */ = {
			isa = XCBuildConfiguration;
			buildSettings = {
				ASSETCATALOG_COMPILER_APPICON_NAME = AppIcon;
				INFOPLIST_FILE = NoteApp/Info.plist;
				LD_RUNPATH_SEARCH_PATHS = "$(inherited) @executable_path/Frameworks";
				PRODUCT_BUNDLE_IDENTIFIER = "com.edgarruizapp-diceeapp.NoteApp";
				PRODUCT_NAME = "$(TARGET_NAME)";
				SWIFT_SWIFT3_OBJC_INFERENCE = On;
				SWIFT_VERSION = 4.0;
			};
			name = Debug;
		};
		4F142D5820D07D6A00DAA5D2 /* Release */ = {
			isa = XCBuildConfiguration;
			buildSettings = {
				ASSETCATALOG_COMPILER_APPICON_NAME = AppIcon;
				INFOPLIST_FILE = NoteApp/Info.plist;
				LD_RUNPATH_SEARCH_PATHS = "$(inherited) @executable_path/Frameworks";
				PRODUCT_BUNDLE_IDENTIFIER = "com.edgarruizapp-diceeapp.NoteApp";
				PRODUCT_NAME = "$(TARGET_NAME)";
				SWIFT_SWIFT3_OBJC_INFERENCE = On;
				SWIFT_VERSION = 4.0;
			};
			name = Release;
		};
/* End XCBuildConfiguration section */

/* Begin XCConfigurationList section */
		4F142D3C20D07D6A00DAA5D2 /* Build configuration list for PBXProject "NoteApp" */ = {
			isa = XCConfigurationList;
			buildConfigurations = (
				4F142D5420D07D6A00DAA5D2 /* Debug */,
				4F142D5520D07D6A00DAA5D2 /* Release */,
			);
			defaultConfigurationIsVisible = 0;
			defaultConfigurationName = Release;
		};
		4F142D5620D07D6A00DAA5D2 /* Build configuration list for PBXNativeTarget "NoteApp" */ = {
			isa = XCConfigurationList;
			buildConfigurations = (
				4F142D5720D07D6A00DAA5D2 /* Debug */,
				4F142D5820D07D6A00DAA5D2 /* Release */,
			);
			defaultConfigurationIsVisible = 0;
			defaultConfigurationName = Release;
		};
/* End XCConfigurationList section */

/* Begin XCVersionGroup section */
		4F142D4B20D07D6A00DAA5D2 /* NoteApp.xcdatamodeld */ = {
			isa = XCVersionGroup;
			children = (
				4F142D4C20D07D6A00DAA5D2 /* NoteApp.xcdatamodel */,
			);
			currentVersion = 4F142D4C20D07D6A00DAA5D2 /* NoteApp.xcdatamodel */;
			path = NoteApp.xcdatamodeld;
			sourceTree = "<group>";
			versionGroupType = wrapper.xcdatamodel;
		};
/* End XCVersionGroup section */
	};
	rootObject = 4F142D3920D07D6A00DAA5D2 /* Project object */;
}
